
Microsoft Visual Studio Solution File, Format Version 12.00
# Visual Studio Version 16
VisualStudioVersion = 16.0.31829.152
MinimumVisualStudioVersion = 10.0.40219.1
Project("{9A19103F-16F7-4668-BE54-9A1E7A4F7556}") = "CheckoutSystemB", "CheckoutSystemB\CheckoutSystemB.csproj", "{B55E8B9B-62BE-4850-BCFD-DFE0289DC603}"
EndProject
Project("{9A19103F-16F7-4668-BE54-9A1E7A4F7556}") = "CheckoutSystemB.Tests", "CheckoutSystemB.Tests\CheckoutSystemB.Tests.csproj", "{8C69B18B-4660-495E-97DD-D0887EC641FE}"
EndProject
Project("{FAE04EC0-301F-11D3-BF4B-00C04F79EFBC}") = "CheckoutSystemB.Shared", "CheckoutSystemB.Shared\CheckoutSystemB.Shared.csproj", "{D2FD9FB1-F5D7-4FA5-B48C-7287D4B5205C}"
EndProject
Global
	GlobalSection(SolutionConfigurationPlatforms) = preSolution
		Debug|Any CPU = Debug|Any CPU
		Release|Any CPU = Release|Any CPU
	EndGlobalSection
	GlobalSection(ProjectConfigurationPlatforms) = postSolution
		{B55E8B9B-62BE-4850-BCFD-DFE0289DC603}.Debug|Any CPU.ActiveCfg = Debug|Any CPU
		{B55E8B9B-62BE-4850-BCFD-DFE0289DC603}.Debug|Any CPU.Build.0 = Debug|Any CPU
		{B55E8B9B-62BE-4850-BCFD-DFE0289DC603}.Release|Any CPU.ActiveCfg = Release|Any CPU
		{B55E8B9B-62BE-4850-BCFD-DFE0289DC603}.Release|Any CPU.Build.0 = Release|Any CPU
		{8C69B18B-4660-495E-97DD-D0887EC641FE}.Debug|Any CPU.ActiveCfg = Debug|Any CPU
		{8C69B18B-4660-495E-97DD-D0887EC641FE}.Debug|Any CPU.Build.0 = Debug|Any CPU
		{8C69B18B-4660-495E-97DD-D0887EC641FE}.Release|Any CPU.ActiveCfg = Release|Any CPU
		{8C69B18B-4660-495E-97DD-D0887EC641FE}.Release|Any CPU.Build.0 = Release|Any CPU
		{D2FD9FB1-F5D7-4FA5-B48C-7287D4B5205C}.Debug|Any CPU.ActiveCfg = Debug|Any CPU
		{D2FD9FB1-F5D7-4FA5-B48C-7287D4B5205C}.Debug|Any CPU.Build.0 = Debug|Any CPU
		{D2FD9FB1-F5D7-4FA5-B48C-7287D4B5205C}.Release|Any CPU.ActiveCfg = Release|Any CPU
		{D2FD9FB1-F5D7-4FA5-B48C-7287D4B5205C}.Release|Any CPU.Build.0 = Release|Any CPU
	EndGlobalSection
	GlobalSection(SolutionProperties) = preSolution
		HideSolutionNode = FALSE
	EndGlobalSection
	GlobalSection(ExtensibilityGlobals) = postSolution
		SolutionGuid = {D87B5D70-7DCA-4620-A3AE-F24E76CEB2C5}
	EndGlobalSection
EndGlobal
